// !$*UTF8*$!
{
	archiveVersion = 1;
	classes = {
	};
	objectVersion = 56;
	objects = {

/* Begin PBXBuildFile section */
		421E98D52D6FA63300085E4E /* TCPClient.m in Sources */ = {isa = PBXBuildFile; fileRef = 421E98D32D6FA63300085E4E /* TCPClient.m */; };
		42E99DBD2A26BA230091115C /* AppDelegate.m in Sources */ = {isa = PBXBuildFile; fileRef = 42E99DBC2A26BA230091115C /* AppDelegate.m */; };
		42E99DC02A26BA230091115C /* SceneDelegate.m in Sources */ = {isa = PBXBuildFile; fileRef = 42E99DBF2A26BA230091115C /* SceneDelegate.m */; };
		42E99DC32A26BA230091115C /* ViewController.m in Sources */ = {isa = PBXBuildFile; fileRef = 42E99DC22A26BA230091115C /* ViewController.m */; };
		42E99DC62A26BA230091115C /* Main.storyboard in Resources */ = {isa = PBXBuildFile; fileRef = 42E99DC42A26BA230091115C /* Main.storyboard */; };
		42E99DC82A26BA260091115C /* Assets.xcassets in Resources */ = {isa = PBXBuildFile; fileRef = 42E99DC72A26BA260091115C /* Assets.xcassets */; };
		42E99DCB2A26BA260091115C /* LaunchScreen.storyboard in Resources */ = {isa = PBXBuildFile; fileRef = 42E99DC92A26BA260091115C /* LaunchScreen.storyboard */; };
		42E99DCE2A26BA260091115C /* main.m in Sources */ = {isa = PBXBuildFile; fileRef = 42E99DCD2A26BA260091115C /* main.m */; };
		42F1FF9E2A26DE6C008710D8 /* libshield.a in Frameworks */ = {isa = PBXBuildFile; fileRef = 42F1FF9D2A26DE6C008710D8 /* libshield.a */; };
/* End PBXBuildFile section */

/* Begin PBXFileReference section */
		421E98D22D6FA63300085E4E /* TCPClient.h */ = {isa = PBXFileReference; fileEncoding = 4; lastKnownFileType = sourcecode.c.h; path = TCPClient.h; sourceTree = "<group>"; };
		421E98D32D6FA63300085E4E /* TCPClient.m */ = {isa = PBXFileReference; fileEncoding = 4; lastKnownFileType = sourcecode.c.objc; path = TCPClient.m; sourceTree = "<group>"; };
		421E98D42D6FA63300085E4E /* Shield.h */ = {isa = PBXFileReference; fileEncoding = 4; lastKnownFileType = sourcecode.c.h; path = Shield.h; sourceTree = "<group>"; };
		42E99DB82A26BA230091115C /* iosdemo.app */ = {isa = PBXFileReference; explicitFileType = wrapper.application; includeInIndex = 0; path = iosdemo.app; sourceTree = BUILT_PRODUCTS_DIR; };
		42E99DBB2A26BA230091115C /* AppDelegate.h */ = {isa = PBXFileReference; lastKnownFileType = sourcecode.c.h; path = AppDelegate.h; sourceTree = "<group>"; };
		42E99DBC2A26BA230091115C /* AppDelegate.m */ = {isa = PBXFileReference; lastKnownFileType = sourcecode.c.objc; path = AppDelegate.m; sourceTree = "<group>"; };
		42E99DBE2A26BA230091115C /* SceneDelegate.h */ = {isa = PBXFileReference; lastKnownFileType = sourcecode.c.h; path = SceneDelegate.h; sourceTree = "<group>"; };
		42E99DBF2A26BA230091115C /* SceneDelegate.m */ = {isa = PBXFileReference; lastKnownFileType = sourcecode.c.objc; path = SceneDelegate.m; sourceTree = "<group>"; };
		42E99DC12A26BA230091115C /* ViewController.h */ = {isa = PBXFileReference; lastKnownFileType = sourcecode.c.h; path = ViewController.h; sourceTree = "<group>"; };
		42E99DC22A26BA230091115C /* ViewController.m */ = {isa = PBXFileReference; lastKnownFileType = sourcecode.c.objc; path = ViewController.m; sourceTree = "<group>"; };
		42E99DC52A26BA230091115C /* Base */ = {isa = PBXFileReference; lastKnownFileType = file.storyboard; name = Base; path = Base.lproj/Main.storyboard; sourceTree = "<group>"; };
		42E99DC72A26BA260091115C /* Assets.xcassets */ = {isa = PBXFileReference; lastKnownFileType = folder.assetcatalog; path = Assets.xcassets; sourceTree = "<group>"; };
		42E99DCA2A26BA260091115C /* Base */ = {isa = PBXFileReference; lastKnownFileType = file.storyboard; name = Base; path = Base.lproj/LaunchScreen.storyboard; sourceTree = "<group>"; };
		42E99DCC2A26BA260091115C /* Info.plist */ = {isa = PBXFileReference; lastKnownFileType = text.plist.xml; path = Info.plist; sourceTree = "<group>"; };
		42E99DCD2A26BA260091115C /* main.m */ = {isa = PBXFileReference; lastKnownFileType = sourcecode.c.objc; path = main.m; sourceTree = "<group>"; };
		42F1FF9D2A26DE6C008710D8 /* libshield.a */ = {isa = PBXFileReference; lastKnownFileType = archive.ar; name = libshield.a; path = iosdemo/libshield.a; sourceTree = "<group>"; };
/* End PBXFileReference section */

/* Begin PBXFrameworksBuildPhase section */
		42E99DB52A26BA230091115C /* Frameworks */ = {
			isa = PBXFrameworksBuildPhase;
			buildActionMask = 2147483647;
			files = (
				42F1FF9E2A26DE6C008710D8 /* libshield.a in Frameworks */,
			);
			runOnlyForDeploymentPostprocessing = 0;
		};
/* End PBXFrameworksBuildPhase section */

/* Begin PBXGroup section */
		42E99DAF2A26BA230091115C = {
			isa = PBXGroup;
			children = (
				42E99DBA2A26BA230091115C /* iosdemo */,
				42E99DB92A26BA230091115C /* Products */,
				42E99DDE2A26C21B0091115C /* Frameworks */,
			);
			sourceTree = "<group>";
		};
		42E99DB92A26BA230091115C /* Products */ = {
			isa = PBXGroup;
			children = (
				42E99DB82A26BA230091115C /* iosdemo.app */,
			);
			name = Products;
			sourceTree = "<group>";
		};
		42E99DBA2A26BA230091115C /* iosdemo */ = {
			isa = PBXGroup;
			children = (
				421E98D42D6FA63300085E4E /* Shield.h */,
				421E98D22D6FA63300085E4E /* TCPClient.h */,
				421E98D32D6FA63300085E4E /* TCPClient.m */,
				42E99DBB2A26BA230091115C /* AppDelegate.h */,
				42E99DBC2A26BA230091115C /* AppDelegate.m */,
				42E99DBE2A26BA230091115C /* SceneDelegate.h */,
				42E99DBF2A26BA230091115C /* SceneDelegate.m */,
				42E99DC12A26BA230091115C /* ViewController.h */,
				42E99DC22A26BA230091115C /* ViewController.m */,
				42E99DC42A26BA230091115C /* Main.storyboard */,
				42E99DC72A26BA260091115C /* Assets.xcassets */,
				42E99DC92A26BA260091115C /* LaunchScreen.storyboard */,
				42E99DCC2A26BA260091115C /* Info.plist */,
				42E99DCD2A26BA260091115C /* main.m */,
			);
			path = iosdemo;
			sourceTree = "<group>";
		};
		42E99DDE2A26C21B0091115C /* Frameworks */ = {
			isa = PBXGroup;
			children = (
				42F1FF9D2A26DE6C008710D8 /* libshield.a */,
			);
			name = Frameworks;
			sourceTree = "<group>";
		};
/* End PBXGroup section */

/* Begin PBXNativeTarget section */
		42E99DB72A26BA230091115C /* iosdemo */ = {
			isa = PBXNativeTarget;
			buildConfigurationList = 42E99DD12A26BA260091115C /* Build configuration list for PBXNativeTarget "iosdemo" */;
			buildPhases = (
				42E99DB42A26BA230091115C /* Sources */,
				42E99DB52A26BA230091115C /* Frameworks */,
				42E99DB62A26BA230091115C /* Resources */,
			);
			buildRules = (
			);
			dependencies = (
			);
			name = iosdemo;
			productName = iosdemo;
			productReference = 42E99DB82A26BA230091115C /* iosdemo.app */;
			productType = "com.apple.product-type.application";
		};
/* End PBXNativeTarget section */

/* Begin PBXProject section */
		42E99DB02A26BA230091115C /* Project object */ = {
			isa = PBXProject;
			attributes = {
				BuildIndependentTargetsInParallel = 1;
				LastUpgradeCheck = 1430;
				TargetAttributes = {
					42E99DB72A26BA230091115C = {
						CreatedOnToolsVersion = 14.3;
					};
				};
			};
			buildConfigurationList = 42E99DB32A26BA230091115C /* Build configuration list for PBXProject "iosdemo" */;
			compatibilityVersion = "Xcode 14.0";
			developmentRegion = en;
			hasScannedForEncodings = 0;
			knownRegions = (
				en,
				Base,
			);
			mainGroup = 42E99DAF2A26BA230091115C;
			productRefGroup = 42E99DB92A26BA230091115C /* Products */;
			projectDirPath = "";
			projectRoot = "";
			targets = (
				42E99DB72A26BA230091115C /* iosdemo */,
			);
		};
/* End PBXProject section */

/* Begin PBXResourcesBuildPhase section */
		42E99DB62A26BA230091115C /* Resources */ = {
			isa = PBXResourcesBuildPhase;
			buildActionMask = 2147483647;
			files = (
				42E99DCB2A26BA260091115C /* LaunchScreen.storyboard in Resources */,
				42E99DC82A26BA260091115C /* Assets.xcassets in Resources */,
				42E99DC62A26BA230091115C /* Main.storyboard in Resources */,
			);
			runOnlyForDeploymentPostprocessing = 0;
		};
/* End PBXResourcesBuildPhase section */

/* Begin PBXSourcesBuildPhase section */
		42E99DB42A26BA230091115C /* Sources */ = {
			isa = PBXSourcesBuildPhase;
			buildActionMask = 2147483647;
			files = (
				42E99DC32A26BA230091115C /* ViewController.m in Sources */,
				42E99DBD2A26BA230091115C /* AppDelegate.m in Sources */,
				421E98D52D6FA63300085E4E /* TCPClient.m in Sources */,
				42E99DCE2A26BA260091115C /* main.m in Sources */,
				42E99DC02A26BA230091115C /* SceneDelegate.m in Sources */,
			);
			runOnlyForDeploymentPostprocessing = 0;
		};
/* End PBXSourcesBuildPhase section */

/* Begin PBXVariantGroup section */
		42E99DC42A26BA230091115C /* Main.storyboard */ = {
			isa = PBXVariantGroup;
			children = (
				42E99DC52A26BA230091115C /* Base */,
			);
			name = Main.storyboard;
			sourceTree = "<group>";
		};
		42E99DC92A26BA260091115C /* LaunchScreen.storyboard */ = {
			isa = PBXVariantGroup;
			children = (
				42E99DCA2A26BA260091115C /* Base */,
			);
			name = LaunchScreen.storyboard;
			sourceTree = "<group>";
		};
/* End PBXVariantGroup section */

/* Begin XCBuildConfiguration section */
		42E99DCF2A26BA260091115C /* Debug */ = {
			isa = XCBuildConfiguration;
			buildSettings = {
				ALWAYS_SEARCH_USER_PATHS = NO;
				CLANG_ANALYZER_NONNULL = YES;
				CLANG_ANALYZER_NUMBER_OBJECT_CONVERSION = YES_AGGRESSIVE;
				CLANG_CXX_LANGUAGE_STANDARD = "gnu++20";
				CLANG_ENABLE_MODULES = YES;
				CLANG_ENABLE_OBJC_ARC = YES;
				CLANG_ENABLE_OBJC_WEAK = YES;
				CLANG_WARN_BLOCK_CAPTURE_AUTORELEASING = YES;
				CLANG_WARN_BOOL_CONVERSION = YES;
				CLANG_WARN_COMMA = YES;
				CLANG_WARN_CONSTANT_CONVERSION = YES;
				CLANG_WARN_DEPRECATED_OBJC_IMPLEMENTATIONS = YES;
				CLANG_WARN_DIRECT_OBJC_ISA_USAGE = YES_ERROR;
				CLANG_WARN_DOCUMENTATION_COMMENTS = YES;
				CLANG_WARN_EMPTY_BODY = YES;
				CLANG_WARN_ENUM_CONVERSION = YES;
				CLANG_WARN_INFINITE_RECURSION = YES;
				CLANG_WARN_INT_CONVERSION = YES;
				CLANG_WARN_NON_LITERAL_NULL_CONVERSION = YES;
				CLANG_WARN_OBJC_IMPLICIT_RETAIN_SELF = YES;
				CLANG_WARN_OBJC_LITERAL_CONVERSION = YES;
				CLANG_WARN_OBJC_ROOT_CLASS = YES_ERROR;
				CLANG_WARN_QUOTED_INCLUDE_IN_FRAMEWORK_HEADER = YES;
				CLANG_WARN_RANGE_LOOP_ANALYSIS = YES;
				CLANG_WARN_STRICT_PROTOTYPES = YES;
				CLANG_WARN_SUSPICIOUS_MOVE = YES;
				CLANG_WARN_UNGUARDED_AVAILABILITY = YES_AGGRESSIVE;
				CLANG_WARN_UNREACHABLE_CODE = YES;
				CLANG_WARN__DUPLICATE_METHOD_MATCH = YES;
				COPY_PHASE_STRIP = NO;
				DEBUG_INFORMATION_FORMAT = dwarf;
				ENABLE_STRICT_OBJC_MSGSEND = YES;
				ENABLE_TESTABILITY = YES;
				GCC_C_LANGUAGE_STANDARD = gnu11;
				GCC_DYNAMIC_NO_PIC = NO;
				GCC_NO_COMMON_BLOCKS = YES;
				GCC_OPTIMIZATION_LEVEL = 0;
				GCC_PREPROCESSOR_DEFINITIONS = (
					"DEBUG=1",
					"$(inherited)",
				);
				GCC_WARN_64_TO_32_BIT_CONVERSION = YES;
				GCC_WARN_ABOUT_RETURN_TYPE = YES_ERROR;
				GCC_WARN_UNDECLARED_SELECTOR = YES;
				GCC_WARN_UNINITIALIZED_AUTOS = YES_AGGRESSIVE;
				GCC_WARN_UNUSED_FUNCTION = YES;
				GCC_WARN_UNUSED_VARIABLE = YES;
				IPHONEOS_DEPLOYMENT_TARGET = 16.4;
				MTL_ENABLE_DEBUG_INFO = INCLUDE_SOURCE;
				MTL_FAST_MATH = YES;
				ONLY_ACTIVE_ARCH = YES;
				SDKROOT = iphoneos;
			};
			name = Debug;
		};
		42E99DD02A26BA260091115C /* Release */ = {
			isa = XCBuildConfiguration;
			buildSettings = {
				ALWAYS_SEARCH_USER_PATHS = NO;
				CLANG_ANALYZER_NONNULL = YES;
				CLANG_ANALYZER_NUMBER_OBJECT_CONVERSION = YES_AGGRESSIVE;
				CLANG_CXX_LANGUAGE_STANDARD = "gnu++20";
				CLANG_ENABLE_MODULES = YES;
				CLANG_ENABLE_OBJC_ARC = YES;
				CLANG_ENABLE_OBJC_WEAK = YES;
				CLANG_WARN_BLOCK_CAPTURE_AUTORELEASING = YES;
				CLANG_WARN_BOOL_CONVERSION = YES;
				CLANG_WARN_COMMA = YES;
				CLANG_WARN_CONSTANT_CONVERSION = YES;
				CLANG_WARN_DEPRECATED_OBJC_IMPLEMENTATIONS = YES;
				CLANG_WARN_DIRECT_OBJC_ISA_USAGE = YES_ERROR;
				CLANG_WARN_DOCUMENTATION_COMMENTS = YES;
				CLANG_WARN_EMPTY_BODY = YES;
				CLANG_WARN_ENUM_CONVERSION = YES;
				CLANG_WARN_INFINITE_RECURSION = YES;
				CLANG_WARN_INT_CONVERSION = YES;
				CLANG_WARN_NON_LITERAL_NULL_CONVERSION = YES;
				CLANG_WARN_OBJC_IMPLICIT_RETAIN_SELF = YES;
				CLANG_WARN_OBJC_LITERAL_CONVERSION = YES;
				CLANG_WARN_OBJC_ROOT_CLASS = YES_ERROR;
				CLANG_WARN_QUOTED_INCLUDE_IN_FRAMEWORK_HEADER = YES;
				CLANG_WARN_RANGE_LOOP_ANALYSIS = YES;
				CLANG_WARN_STRICT_PROTOTYPES = YES;
				CLANG_WARN_SUSPICIOUS_MOVE = YES;
				CLANG_WARN_UNGUARDED_AVAILABILITY = YES_AGGRESSIVE;
				CLANG_WARN_UNREACHABLE_CODE = YES;
				CLANG_WARN__DUPLICATE_METHOD_MATCH = YES;
				COPY_PHASE_STRIP = NO;
				DEBUG_INFORMATION_FORMAT = "dwarf-with-dsym";
				ENABLE_NS_ASSERTIONS = NO;
				ENABLE_STRICT_OBJC_MSGSEND = YES;
				GCC_C_LANGUAGE_STANDARD = gnu11;
				GCC_NO_COMMON_BLOCKS = YES;
				GCC_WARN_64_TO_32_BIT_CONVERSION = YES;
				GCC_WARN_ABOUT_RETURN_TYPE = YES_ERROR;
				GCC_WARN_UNDECLARED_SELECTOR = YES;
				GCC_WARN_UNINITIALIZED_AUTOS = YES_AGGRESSIVE;
				GCC_WARN_UNUSED_FUNCTION = YES;
				GCC_WARN_UNUSED_VARIABLE = YES;
				IPHONEOS_DEPLOYMENT_TARGET = 16.4;
				MTL_ENABLE_DEBUG_INFO = NO;
				MTL_FAST_MATH = YES;
				SDKROOT = iphoneos;
				VALIDATE_PRODUCT = YES;
			};
			name = Release;
		};
		42E99DD22A26BA260091115C /* Debug */ = {
			isa = XCBuildConfiguration;
			buildSettings = {
				ASSETCATALOG_COMPILER_APPICON_NAME = AppIcon;
				ASSETCATALOG_COMPILER_GLOBAL_ACCENT_COLOR_NAME = AccentColor;
				CODE_SIGN_STYLE = Automatic;
				CURRENT_PROJECT_VERSION = 1;
				GENERATE_INFOPLIST_FILE = YES;
				INFOPLIST_FILE = iosdemo/Info.plist;
				INFOPLIST_KEY_UIApplicationSupportsIndirectInputEvents = YES;
				INFOPLIST_KEY_UILaunchStoryboardName = LaunchScreen;
				INFOPLIST_KEY_UIMainStoryboardFile = Main;
				INFOPLIST_KEY_UISupportedInterfaceOrientations_iPad = "UIInterfaceOrientationPortrait UIInterfaceOrientationPortraitUpsideDown UIInterfaceOrientationLandscapeLeft UIInterfaceOrientationLandscapeRight";
				INFOPLIST_KEY_UISupportedInterfaceOrientations_iPhone = "UIInterfaceOrientationPortrait UIInterfaceOrientationLandscapeLeft UIInterfaceOrientationLandscapeRight";
				IPHONEOS_DEPLOYMENT_TARGET = 9.0;
				LD_RUNPATH_SEARCH_PATHS = (
					"$(inherited)",
					"@executable_path/Frameworks",
				);
				LIBRARY_SEARCH_PATHS = (
					"$(inherited)",
					"$(PROJECT_DIR)/iosdemo",
				);
				MARKETING_VERSION = 1.0;
				PRODUCT_BUNDLE_IDENTIFIER = net.kaka888.iosdemo;
				PRODUCT_NAME = "$(TARGET_NAME)";
				SUPPORTED_PLATFORMS = "iphoneos iphonesimulator";
				SUPPORTS_MACCATALYST = NO;
				SUPPORTS_MAC_DESIGNED_FOR_IPHONE_IPAD = NO;
				SWIFT_EMIT_LOC_STRINGS = YES;
				TARGETED_DEVICE_FAMILY = "1,2";
			};
			name = Debug;
		};
		42E99DD32A26BA260091115C /* Release */ = {
			isa = XCBuildConfiguration;
			buildSettings = {
				ASSETCATALOG_COMPILER_APPICON_NAME = AppIcon;
				ASSETCATALOG_COMPILER_GLOBAL_ACCENT_COLOR_NAME = AccentColor;
				CODE_SIGN_STYLE = Automatic;
				CURRENT_PROJECT_VERSION = 1;
				GENERATE_INFOPLIST_FILE = YES;
				INFOPLIST_FILE = iosdemo/Info.plist;
				INFOPLIST_KEY_UIApplicationSupportsIndirectInputEvents = YES;
				INFOPLIST_KEY_UILaunchStoryboardName = LaunchScreen;
				INFOPLIST_KEY_UIMainStoryboardFile = Main;
				INFOPLIST_KEY_UISupportedInterfaceOrientations_iPad = "UIInterfaceOrientationPortrait UIInterfaceOrientationPortraitUpsideDown UIInterfaceOrientationLandscapeLeft UIInterfaceOrientationLandscapeRight";
				INFOPLIST_KEY_UISupportedInterfaceOrientations_iPhone = "UIInterfaceOrientationPortrait UIInterfaceOrientationLandscapeLeft UIInterfaceOrientationLandscapeRight";
				IPHONEOS_DEPLOYMENT_TARGET = 9.0;
				LD_RUNPATH_SEARCH_PATHS = (
					"$(inherited)",
					"@executable_path/Frameworks",
				);
				LIBRARY_SEARCH_PATHS = (
					"$(inherited)",
					"$(PROJECT_DIR)/iosdemo",
				);
				MARKETING_VERSION = 1.0;
				PRODUCT_BUNDLE_IDENTIFIER = net.kaka888.iosdemo;
				PRODUCT_NAME = "$(TARGET_NAME)";
				SUPPORTED_PLATFORMS = "iphoneos iphonesimulator";
				SUPPORTS_MACCATALYST = NO;
				SUPPORTS_MAC_DESIGNED_FOR_IPHONE_IPAD = NO;
				SWIFT_EMIT_LOC_STRINGS = YES;
				TARGETED_DEVICE_FAMILY = "1,2";
			};
			name = Release;
		};
/* End XCBuildConfiguration section */

/* Begin XCConfigurationList section */
		42E99DB32A26BA230091115C /* Build configuration list for PBXProject "iosdemo" */ = {
			isa = XCConfigurationList;
			buildConfigurations = (
				42E99DCF2A26BA260091115C /* Debug */,
				42E99DD02A26BA260091115C /* Release */,
			);
			defaultConfigurationIsVisible = 0;
			defaultConfigurationName = Release;
		};
		42E99DD12A26BA260091115C /* Build configuration list for PBXNativeTarget "iosdemo" */ = {
			isa = XCConfigurationList;
			buildConfigurations = (
				42E99DD22A26BA260091115C /* Debug */,
				42E99DD32A26BA260091115C /* Release */,
			);
			defaultConfigurationIsVisible = 0;
			defaultConfigurationName = Release;
		};
/* End XCConfigurationList section */
	};
	rootObject = 42E99DB02A26BA230091115C /* Project object */;
}
